{
    "_readme": [
        "This file locks the dependencies of your project to a known state",
        "Read more about it at https://getcomposer.org/doc/01-basic-usage.md#composer-lock-the-lock-file",
        "This file is @generated automatically"
    ],
    "content-hash": "c6801d3ef2cfbe8b9f480c83606c176d",
    "packages": [
        {
            "name": "cakephp/chronos",
            "version": "1.0.0",
            "source": {
                "type": "git",
                "url": "https://github.com/cakephp/chronos.git",
                "reference": "a40b330d84a74975119c10a4e890391e0611e5ef"
            },
            "dist": {
                "type": "zip",
                "url": "https://api.github.com/repos/cakephp/chronos/zipball/a40b330d84a74975119c10a4e890391e0611e5ef",
                "reference": "a40b330d84a74975119c10a4e890391e0611e5ef",
                "shasum": ""
            },
            "require": {
                "php": ">=5.5.9"
            },
            "require-dev": {
                "athletic/athletic": "~0.1",
                "cakephp/cakephp-codesniffer": "dev-master",
                "phpunit/phpunit": "*"
            },
            "type": "library",
            "autoload": {
                "psr-4": {
                    "Cake\\Chronos\\": "src"
                },
                "files": [
                    "src/carbon_compat.php"
                ]
            },
            "notification-url": "https://packagist.org/downloads/",
            "license": [
                "MIT"
            ],
            "authors": [
                {
                    "name": "Brian Nesbitt",
                    "email": "brian@nesbot.com",
                    "homepage": "http://nesbot.com"
                },
                {
                    "name": "The CakePHP Team",
                    "homepage": "http://cakephp.org"
                }
            ],
            "description": "A simple API extension for DateTime.",
            "homepage": "http://cakephp.org",
            "keywords": [
                "date",
                "datetime",
                "time"
            ],
            "time": "2016-07-14T05:16:14+00:00"
        },
        {
            "name": "daverandom/libdns",
            "version": "v1.1.0",
            "source": {
                "type": "git",
                "url": "https://github.com/DaveRandom/LibDNS.git",
                "reference": "67de5497e84d179dffc089c5eb6a1945eb4e9460"
            },
            "dist": {
                "type": "zip",
                "url": "https://api.github.com/repos/DaveRandom/LibDNS/zipball/67de5497e84d179dffc089c5eb6a1945eb4e9460",
                "reference": "67de5497e84d179dffc089c5eb6a1945eb4e9460",
                "shasum": ""
            },
            "require": {
                "php": ">=5.4.0"
            },
            "type": "library",
            "autoload": {
                "psr-4": {
                    "LibDNS\\": "src/"
                }
            },
            "notification-url": "https://packagist.org/downloads/",
            "license": [
                "MIT"
            ],
            "description": "DNS protocol implementation written in pure PHP",
            "keywords": [
                "dns"
            ],
            "time": "2016-04-29T20:47:45+00:00"
        },
        {
            "name": "dflydev/apache-mime-types",
            "version": "v1.0.1",
            "source": {
                "type": "git",
                "url": "https://github.com/dflydev/dflydev-apache-mime-types.git",
                "reference": "f30a57e59b7476e4c5270b6a0727d79c9c0eb861"
            },
            "dist": {
                "type": "zip",
                "url": "https://api.github.com/repos/dflydev/dflydev-apache-mime-types/zipball/f30a57e59b7476e4c5270b6a0727d79c9c0eb861",
                "reference": "f30a57e59b7476e4c5270b6a0727d79c9c0eb861",
                "shasum": ""
            },
            "require": {
                "php": ">=5.3"
            },
            "require-dev": {
                "twig/twig": "1.*"
            },
            "type": "library",
            "extra": {
                "branch-alias": {
                    "dev-master": "1.0-dev"
                }
            },
            "autoload": {
                "psr-0": {
                    "Dflydev\\ApacheMimeTypes": "src"
                }
            },
            "notification-url": "https://packagist.org/downloads/",
            "license": [
                "MIT"
            ],
            "authors": [
                {
                    "name": "Dragonfly Development Inc.",
                    "email": "info@dflydev.com",
                    "homepage": "http://dflydev.com"
                },
                {
                    "name": "Beau Simensen",
                    "email": "beau@dflydev.com",
                    "homepage": "http://beausimensen.com"
                }
            ],
            "description": "Apache MIME Types",
            "keywords": [
                "apache",
                "mime",
                "mimetypes"
            ],
            "time": "2013-05-14T02:02:01+00:00"
        },
        {
            "name": "icicleio/dns",
            "version": "dev-master",
            "source": {
                "type": "git",
                "url": "https://github.com/icicleio/dns.git",
                "reference": "31ca939e2661f87bd807c54be0e7ad1762a5b14a"
            },
            "dist": {
                "type": "zip",
                "url": "https://api.github.com/repos/icicleio/dns/zipball/31ca939e2661f87bd807c54be0e7ad1762a5b14a",
                "reference": "31ca939e2661f87bd807c54be0e7ad1762a5b14a",
                "shasum": ""
            },
            "require": {
                "daverandom/libdns": "^1",
                "icicleio/icicle": "~2.0",
                "icicleio/socket": "~2.0"
            },
            "require-dev": {
                "mockery/mockery": "~1.0",
                "phpunit/phpunit": "~5.0",
                "symfony/yaml": "^2.7"
            },
            "type": "library",
            "extra": {
                "branch-alias": {
                    "dev-master": "2.0.x-dev"
                }
            },
            "autoload": {
                "psr-4": {
                    "Icicle\\Dns\\": "src"
                },
                "files": [
                    "src/functions.php"
                ]
            },
            "notification-url": "https://packagist.org/downloads/",
            "license": [
                "MIT"
            ],
            "authors": [
                {
                    "name": "Aaron Piotrowski",
                    "email": "aaron@icicle.io"
                }
            ],
            "description": "Asynchronous DNS for Icicle.",
            "homepage": "http://icicle.io",
            "keywords": [
                "async",
                "asynchronous",
                "dns",
                "resolver"
            ],
            "time": "2015-12-07 05:49:04"
        },
        {
            "name": "icicleio/http",
            "version": "dev-master",
            "source": {
                "type": "git",
                "url": "https://github.com/icicleio/http.git",
                "reference": "efd477d9d3b6f10a8e9aab7653ec9cfc4e463971"
            },
            "dist": {
                "type": "zip",
                "url": "https://api.github.com/repos/icicleio/http/zipball/efd477d9d3b6f10a8e9aab7653ec9cfc4e463971",
                "reference": "efd477d9d3b6f10a8e9aab7653ec9cfc4e463971",
                "shasum": ""
            },
            "require": {
                "icicleio/dns": "^2.0",
                "icicleio/icicle": "^2.0",
                "icicleio/log": "^2.0",
                "icicleio/socket": "^2.0",
                "icicleio/stream": "^2.0"
            },
            "require-dev": {
                "phpunit/phpunit": "^5.0",
                "symfony/yaml": "^2.7"
            },
            "type": "library",
            "extra": {
                "branch-alias": {
                    "dev-master": "2.0.x-dev"
                }
            },
            "autoload": {
                "psr-4": {
                    "Icicle\\Http\\": "src"
                },
                "files": [
                    "src/Message/functions.php"
                ]
            },
            "notification-url": "https://packagist.org/downloads/",
            "license": [
                "MIT"
            ],
            "authors": [
                {
                    "name": "Aaron Piotrowski",
                    "email": "aaron@icicle.io"
                }
            ],
            "description": "Asynchronous HTTP component for Icicle.",
            "homepage": "http://icicle.io",
            "keywords": [
                "async",
                "asynchronous",
                "http"
            ],
            "time": "2016-04-21 15:32:01"
        },
        {
            "name": "icicleio/icicle",
            "version": "dev-master",
            "source": {
                "type": "git",
                "url": "https://github.com/icicleio/icicle.git",
                "reference": "6ece7226e625ebd363ed301ccd92dabb36183777"
            },
            "dist": {
                "type": "zip",
                "url": "https://api.github.com/repos/icicleio/icicle/zipball/6ece7226e625ebd363ed301ccd92dabb36183777",
                "reference": "6ece7226e625ebd363ed301ccd92dabb36183777",
                "shasum": ""
            },
            "require": {
                "php": "^7.0"
            },
            "require-dev": {
                "phpunit/phpunit": "^5.0"
            },
            "suggest": {
                "ext-ev": "Provides an event loop with better performance.",
                "ext-pcntl": "Enables custom signal handling."
            },
            "type": "library",
            "extra": {
                "branch-alias": {
                    "dev-master": "2.0.x-dev"
                }
            },
            "autoload": {
                "psr-4": {
                    "Icicle\\": "src"
                },
                "files": [
                    "src/functions.php",
                    "src/Awaitable/functions.php",
                    "src/Coroutine/functions.php",
                    "src/Loop/functions.php",
                    "src/Observable/functions.php"
                ]
            },
            "notification-url": "https://packagist.org/downloads/",
            "license": [
                "MIT"
            ],
            "authors": [
                {
                    "name": "Aaron Piotrowski",
                    "email": "aaron@icicle.io"
                }
            ],
            "description": "Icicle is a PHP library for writing asynchronous code using synchronous coding techniques.",
            "homepage": "http://icicle.io",
            "keywords": [
                "Socket",
                "async",
                "asynchronous",
                "awaitable",
                "coroutine",
                "event",
                "generator",
                "interruptible",
                "multitasking",
                "network",
                "promise",
                "server",
                "stream"
            ],
            "time": "2016-03-31 16:38:31"
        },
        {
            "name": "icicleio/log",
            "version": "dev-master",
            "source": {
                "type": "git",
                "url": "https://github.com/icicleio/log.git",
                "reference": "464acf8363d97b94fa2ddaa94525d96311365dd2"
            },
            "dist": {
                "type": "zip",
                "url": "https://api.github.com/repos/icicleio/log/zipball/464acf8363d97b94fa2ddaa94525d96311365dd2",
                "reference": "464acf8363d97b94fa2ddaa94525d96311365dd2",
                "shasum": ""
            },
            "require": {
                "icicleio/icicle": "^2.0",
                "icicleio/stream": "^2.0"
            },
            "require-dev": {
                "phpunit/phpunit": "^5.0"
            },
            "type": "library",
            "extra": {
                "branch-alias": {
                    "dev-master": "2.0.x-dev"
                }
            },
            "autoload": {
                "psr-4": {
                    "Icicle\\Log\\": "src"
                },
                "files": [
                    "src/functions.php"
                ]
            },
            "notification-url": "https://packagist.org/downloads/",
            "license": [
                "MIT"
            ],
            "authors": [
                {
                    "name": "Aaron Piotrowski",
                    "email": "aaron@icicle.io"
                }
            ],
            "description": "Asynchronous logging interface for Icicle.",
            "homepage": "http://icicle.io",
            "keywords": [
                "async",
                "asynchronous",
                "log"
            ],
            "time": "2016-02-18 06:24:55"
        },
        {
            "name": "icicleio/socket",
            "version": "dev-master",
            "source": {
                "type": "git",
                "url": "https://github.com/icicleio/socket.git",
                "reference": "b46366df91831a11c734078e2d3b843fca66ebc5"
            },
            "dist": {
                "type": "zip",
                "url": "https://api.github.com/repos/icicleio/socket/zipball/b46366df91831a11c734078e2d3b843fca66ebc5",
                "reference": "b46366df91831a11c734078e2d3b843fca66ebc5",
                "shasum": ""
            },
            "require": {
                "icicleio/icicle": "~2.0",
                "icicleio/stream": "~2.0"
            },
            "require-dev": {
                "phpunit/phpunit": "~5.0"
            },
            "suggest": {
                "ext-openssl": "Enables using SSL/TLS on stream sockets."
            },
            "type": "library",
            "extra": {
                "branch-alias": {
                    "dev-master": "2.0.x-dev"
                }
            },
            "autoload": {
                "psr-4": {
                    "Icicle\\Socket\\": "src"
                },
                "files": [
                    "src/functions.php"
                ]
            },
            "notification-url": "https://packagist.org/downloads/",
            "license": [
                "MIT"
            ],
            "authors": [
                {
                    "name": "Aaron Piotrowski",
                    "email": "aaron@icicle.io"
                }
            ],
            "description": "Asynchronous stream socket server and client for Icicle.",
            "homepage": "http://icicle.io",
            "keywords": [
                "Socket",
                "async",
                "asynchronous",
                "client",
                "server",
                "stream"
            ],
            "time": "2016-07-12 19:11:22"
        },
        {
            "name": "icicleio/stream",
            "version": "dev-master",
            "source": {
                "type": "git",
                "url": "https://github.com/icicleio/stream.git",
                "reference": "a5d80f39a99dfadf02a1e9fc7d11d3fc31c42865"
            },
            "dist": {
                "type": "zip",
                "url": "https://api.github.com/repos/icicleio/stream/zipball/a5d80f39a99dfadf02a1e9fc7d11d3fc31c42865",
                "reference": "a5d80f39a99dfadf02a1e9fc7d11d3fc31c42865",
                "shasum": ""
            },
            "require": {
                "icicleio/icicle": "~2.0"
            },
            "require-dev": {
                "phpunit/phpunit": "~5.0"
            },
            "suggest": {
                "ext-mbstring": "Enables encoding-aware text stream reading."
            },
            "type": "library",
            "extra": {
                "branch-alias": {
                    "dev-master": "2.0.x-dev"
                }
            },
            "autoload": {
                "psr-4": {
                    "Icicle\\Stream\\": "src"
                },
                "files": [
                    "src/functions.php"
                ]
            },
            "notification-url": "https://packagist.org/downloads/",
            "license": [
                "MIT"
            ],
            "authors": [
                {
                    "name": "Aaron Piotrowski",
                    "email": "aaron@icicle.io"
                }
            ],
            "description": "Asynchronous streams for Icicle.",
            "homepage": "http://icicle.io",
            "keywords": [
                "async",
                "asynchronous",
                "stream"
            ],
            "time": "2016-02-21 19:19:43"
        },
        {
            "name": "league/commonmark",
            "version": "0.12.0",
            "source": {
                "type": "git",
                "url": "https://github.com/thephpleague/commonmark.git",
                "reference": "3eb64850ee688623db494398a5284a7a4cdf7b47"
            },
            "dist": {
                "type": "zip",
                "url": "https://api.github.com/repos/thephpleague/commonmark/zipball/3eb64850ee688623db494398a5284a7a4cdf7b47",
                "reference": "3eb64850ee688623db494398a5284a7a4cdf7b47",
                "shasum": ""
            },
            "require": {
                "ext-mbstring": "*",
                "php": ">=5.4.8"
            },
            "replace": {
                "colinodell/commonmark-php": "*"
            },
            "require-dev": {
                "erusev/parsedown": "~1.0",
                "jgm/commonmark": "0.22",
                "jgm/smartpunct": "0.22",
                "michelf/php-markdown": "~1.4",
                "mikehaertl/php-shellcommand": "~1.1.0",
                "phpunit/phpunit": "~4.3|~5.0",
                "scrutinizer/ocular": "^1.1",
                "symfony/finder": "~2.3"
            },
            "bin": [
                "bin/commonmark"
            ],
            "type": "library",
            "extra": {
                "branch-alias": {
                    "dev-master": "0.13-dev"
                }
            },
            "autoload": {
                "psr-4": {
                    "League\\CommonMark\\": "src/"
                }
            },
            "notification-url": "https://packagist.org/downloads/",
            "license": [
                "BSD-3-Clause"
            ],
            "authors": [
                {
                    "name": "Colin O'Dell",
                    "email": "colinodell@gmail.com",
                    "homepage": "http://www.colinodell.com",
                    "role": "Lead Developer"
                }
            ],
            "description": "Markdown parser for PHP based on the CommonMark spec",
            "homepage": "https://github.com/thephpleague/commonmark",
            "keywords": [
                "commonmark",
                "markdown",
                "parser"
            ],
            "time": "2015-11-04T14:24:41+00:00"
        },
        {
            "name": "nikic/fast-route",
            "version": "v1.0.1",
            "source": {
                "type": "git",
                "url": "https://github.com/nikic/FastRoute.git",
                "reference": "8ea928195fa9b907f0d6e48312d323c1a13cc2af"
            },
            "dist": {
                "type": "zip",
                "url": "https://api.github.com/repos/nikic/FastRoute/zipball/8ea928195fa9b907f0d6e48312d323c1a13cc2af",
                "reference": "8ea928195fa9b907f0d6e48312d323c1a13cc2af",
                "shasum": ""
            },
            "require": {
                "php": ">=5.4.0"
            },
            "type": "library",
            "autoload": {
                "psr-4": {
                    "FastRoute\\": "src/"
                },
                "files": [
                    "src/functions.php"
                ]
            },
            "notification-url": "https://packagist.org/downloads/",
            "license": [
                "BSD-3-Clause"
            ],
            "authors": [
                {
                    "name": "Nikita Popov",
                    "email": "nikic@php.net"
                }
            ],
            "description": "Fast request router for PHP",
            "keywords": [
                "router",
                "routing"
            ],
            "time": "2016-06-12T19:08:51+00:00"
        },
        {
            "name": "phly/phly-mustache",
            "version": "2.0.1",
            "source": {
                "type": "git",
                "url": "https://github.com/phly/phly-mustache.git",
                "reference": "4850537fc135fbf894f4c9377876a817f3a451ff"
            },
            "dist": {
                "type": "zip",
                "url": "https://api.github.com/repos/phly/phly-mustache/zipball/4850537fc135fbf894f4c9377876a817f3a451ff",
                "reference": "4850537fc135fbf894f4c9377876a817f3a451ff",
                "shasum": ""
            },
            "require": {
                "php": ">=5.5",
                "zendframework/zend-escaper": "^2.5",
                "zendframework/zend-stdlib": "^2.6 || ^3.0"
            },
            "require-dev": {
                "phpunit/phpunit": "^4.7",
                "squizlabs/php_codesniffer": "^2.3.1"
            },
            "type": "library",
            "autoload": {
                "psr-4": {
                    "Phly\\Mustache\\": "src/"
                }
            },
            "notification-url": "https://packagist.org/downloads/",
            "license": [
                "BSD-2-Clause"
            ],
            "authors": [
                {
                    "name": "Matthew Weier O'Phinney",
                    "email": "matthew@weierophinney.net",
                    "homepage": "https://mwop.net/"
                }
            ],
            "description": "PHP Mustache implementation supporting inheritance",
            "homepage": "http://phly-mustache.readthedocs.org",
            "keywords": [
                "mustache"
            ],
            "time": "2016-07-02T22:16:05+00:00"
        },
        {
            "name": "yosymfony/toml",
            "version": "v0.3.3",
            "source": {
                "type": "git",
                "url": "https://github.com/yosymfony/Toml.git",
                "reference": "b0a28913e488389b6a088c2893c83037d80ec020"
            },
            "dist": {
                "type": "zip",
                "url": "https://api.github.com/repos/yosymfony/Toml/zipball/b0a28913e488389b6a088c2893c83037d80ec020",
                "reference": "b0a28913e488389b6a088c2893c83037d80ec020",
                "shasum": ""
            },
            "require": {
                "php": ">=5.3.0"
            },
            "type": "library",
            "extra": {
                "branch-alias": {
                    "dev-master": "0.3-dev"
                }
            },
            "autoload": {
                "psr-4": {
                    "Yosymfony\\Toml\\": "src/"
                }
            },
            "notification-url": "https://packagist.org/downloads/",
            "license": [
                "MIT"
            ],
            "authors": [
                {
                    "name": "Victor Puertas",
                    "email": "vpgugr@gmail.com",
                    "homepage": "http://yosymfony.com"
                }
            ],
            "description": "A PHP parser for TOML compatible with specification 0.4.0",
            "homepage": "http://github.com/yosymfony/toml",
            "keywords": [
                "mojombo",
                "parser",
                "toml"
            ],
            "time": "2015-08-24T20:56:47+00:00"
        },
        {
            "name": "zendframework/zend-escaper",
            "version": "2.5.2",
            "source": {
                "type": "git",
                "url": "https://github.com/zendframework/zend-escaper.git",
                "reference": "2dcd14b61a72d8b8e27d579c6344e12c26141d4e"
            },
            "dist": {
                "type": "zip",
                "url": "https://api.github.com/repos/zendframework/zend-escaper/zipball/2dcd14b61a72d8b8e27d579c6344e12c26141d4e",
                "reference": "2dcd14b61a72d8b8e27d579c6344e12c26141d4e",
                "shasum": ""
            },
            "require": {
                "php": ">=5.5"
            },
            "require-dev": {
                "fabpot/php-cs-fixer": "1.7.*",
                "phpunit/phpunit": "~4.0"
            },
            "type": "library",
            "extra": {
                "branch-alias": {
                    "dev-master": "2.5-dev",
                    "dev-develop": "2.6-dev"
                }
            },
            "autoload": {
                "psr-4": {
                    "Zend\\Escaper\\": "src/"
                }
            },
            "notification-url": "https://packagist.org/downloads/",
            "license": [
                "BSD-3-Clause"
            ],
            "homepage": "https://github.com/zendframework/zend-escaper",
            "keywords": [
                "escaper",
                "zf2"
            ],
            "time": "2016-06-30T19:48:38+00:00"
        },
        {
            "name": "zendframework/zend-stdlib",
            "version": "3.1.0",
            "source": {
                "type": "git",
                "url": "https://github.com/zendframework/zend-stdlib.git",
                "reference": "debedcfc373a293f9250cc9aa03cf121428c8e78"
            },
            "dist": {
                "type": "zip",
                "url": "https://api.github.com/repos/zendframework/zend-stdlib/zipball/debedcfc373a293f9250cc9aa03cf121428c8e78",
                "reference": "debedcfc373a293f9250cc9aa03cf121428c8e78",
                "shasum": ""
            },
            "require": {
                "php": "^5.6 || ^7.0"
            },
            "require-dev": {
                "athletic/athletic": "~0.1",
                "phpunit/phpunit": "~4.0",
                "squizlabs/php_codesniffer": "^2.6.2"
            },
            "type": "library",
            "extra": {
                "branch-alias": {
                    "dev-master": "3.1-dev",
                    "dev-develop": "3.2-dev"
                }
            },
            "autoload": {
                "psr-4": {
                    "Zend\\Stdlib\\": "src/"
                }
            },
            "notification-url": "https://packagist.org/downloads/",
            "license": [
                "BSD-3-Clause"
            ],
            "homepage": "https://github.com/zendframework/zend-stdlib",
            "keywords": [
                "stdlib",
                "zf2"
            ],
            "time": "2016-09-13T14:38:50+00:00"
        }
    ],
    "packages-dev": [],
    "aliases": [],
    "minimum-stability": "dev",
    "stability-flags": [],
    "prefer-stable": true,
    "prefer-lowest": false,
    "platform": {
        "php": ">=7.0.0"
    },
    "platform-dev": []
}
